
Microsoft Visual Studio Solution File, Format Version 12.00
# Visual Studio Version 16
VisualStudioVersion = 16.0.28922.388
MinimumVisualStudioVersion = 10.0.40219.1
Project("{9A19103F-16F7-4668-BE54-9A1E7A4F7556}") = "AppointmentCalendar.Web", "AppointmentCalendar.Web\AppointmentCalendar.Web.csproj", "{323B40B9-F832-44E3-8428-80F3B704EFA5}"
EndProject
Project("{9A19103F-16F7-4668-BE54-9A1E7A4F7556}") = "AppointmentCalendar.Web.Test", "AppointmentCalendar.Web.Test\AppointmentCalendar.Web.Test.csproj", "{D141A4D6-5AE7-454B-858A-1E0BC06741C9}"
EndProject
Project("{9A19103F-16F7-4668-BE54-9A1E7A4F7556}") = "AppointmentCalendar.Domain", "AppointmentCalendar.Domain\AppointmentCalendar.Domain.csproj", "{AA5EF313-3644-4EB4-9F02-510020CC6040}"
EndProject
Project("{9A19103F-16F7-4668-BE54-9A1E7A4F7556}") = "AppointmentCalendar.Repository", "AppointmentCalendar.Repository\AppointmentCalendar.Repository.csproj", "{3FA171AA-728F-4671-843E-3FAA0E109003}"
EndProject
Project("{9A19103F-16F7-4668-BE54-9A1E7A4F7556}") = "AppointmentCalendar.Repository.Test", "AppointmentCalendar.Repository.Test\AppointmentCalendar.Repository.Test.csproj", "{CC104E62-B3EF-424A-8F1F-C74B571597AE}"
EndProject
Project("{9A19103F-16F7-4668-BE54-9A1E7A4F7556}") = "AppointmentCalendar.Service", "AppointmentCalendar.Service\AppointmentCalendar.Service.csproj", "{333C073C-EED5-458D-97E1-BD39A1A91D44}"
EndProject
Project("{9A19103F-16F7-4668-BE54-9A1E7A4F7556}") = "AppointmentCalendar.Service.Test", "AppointmentCalendar.Service.Test\AppointmentCalendar.Service.Test.csproj", "{AE503CED-A04A-41BA-A800-0C98C086F1B1}"
EndProject
Project("{00D1A9C2-B5F0-4AF3-8072-F6C62B433612}") = "AppoinmentCalendar.db", "AppoinmentCalendar.db\AppoinmentCalendar.db.sqlproj", "{BE780043-324D-4116-9B33-078282EB0AC1}"
EndProject
Project("{2150E333-8FDC-42A3-9474-1A3956D46DE8}") = "Database", "Database", "{2F028C1A-8FA9-419D-8EB9-C7B118DA97B3}"
EndProject
Project("{2150E333-8FDC-42A3-9474-1A3956D46DE8}") = "Domain", "Domain", "{A352F56F-24A7-4269-87D5-1B437E58DB15}"
EndProject
Project("{2150E333-8FDC-42A3-9474-1A3956D46DE8}") = "Repository", "Repository", "{BAA6EAD9-FCBF-411F-A583-5C3F399A37E8}"
EndProject
Project("{2150E333-8FDC-42A3-9474-1A3956D46DE8}") = "Service", "Service", "{1C8E903B-D794-41FE-8DE9-3CE7A781A6DB}"
EndProject
Project("{2150E333-8FDC-42A3-9474-1A3956D46DE8}") = "Web", "Web", "{CA0E57FC-B618-40C0-8DC0-CE8A4527321D}"
EndProject
Project("{FAE04EC0-301F-11D3-BF4B-00C04F79EFBC}") = "AppointmentCalendar.Repository.Contracts", "AppointmentCalendar.Repository.Contracts\AppointmentCalendar.Repository.Contracts.csproj", "{7A8B1F55-2C80-47CF-BB4A-3444088FCD60}"
EndProject
Project("{FAE04EC0-301F-11D3-BF4B-00C04F79EFBC}") = "AppointmentCalendar.Repository.Validators", "AppointmentCalendar.Repository.Validators\AppointmentCalendar.Repository.Validators.csproj", "{4AFE8D49-6A67-44B7-8346-BAE9B2665F16}"
EndProject
Project("{FAE04EC0-301F-11D3-BF4B-00C04F79EFBC}") = "AppointmentCalendar.Service.Contracts", "AppointmentCalendar.Service.Contracts\AppointmentCalendar.Service.Contracts.csproj", "{6437B9A8-0D9B-4F99-9195-5CD3B0B4E6C2}"
EndProject
Project("{FAE04EC0-301F-11D3-BF4B-00C04F79EFBC}") = "AppointmentCalendar.Service.DTOs", "AppointmentCalender.Service.DTOs\AppointmentCalendar.Service.DTOs.csproj", "{995B3A6C-1F02-4E9B-8D9B-4648162C980F}"
EndProject
Global
	GlobalSection(SolutionConfigurationPlatforms) = preSolution
		Debug|Any CPU = Debug|Any CPU
		Release|Any CPU = Release|Any CPU
	EndGlobalSection
	GlobalSection(ProjectConfigurationPlatforms) = postSolution
		{323B40B9-F832-44E3-8428-80F3B704EFA5}.Debug|Any CPU.ActiveCfg = Debug|Any CPU
		{323B40B9-F832-44E3-8428-80F3B704EFA5}.Debug|Any CPU.Build.0 = Debug|Any CPU
		{323B40B9-F832-44E3-8428-80F3B704EFA5}.Release|Any CPU.ActiveCfg = Release|Any CPU
		{323B40B9-F832-44E3-8428-80F3B704EFA5}.Release|Any CPU.Build.0 = Release|Any CPU
		{D141A4D6-5AE7-454B-858A-1E0BC06741C9}.Debug|Any CPU.ActiveCfg = Debug|Any CPU
		{D141A4D6-5AE7-454B-858A-1E0BC06741C9}.Debug|Any CPU.Build.0 = Debug|Any CPU
		{D141A4D6-5AE7-454B-858A-1E0BC06741C9}.Release|Any CPU.ActiveCfg = Release|Any CPU
		{D141A4D6-5AE7-454B-858A-1E0BC06741C9}.Release|Any CPU.Build.0 = Release|Any CPU
		{AA5EF313-3644-4EB4-9F02-510020CC6040}.Debug|Any CPU.ActiveCfg = Debug|Any CPU
		{AA5EF313-3644-4EB4-9F02-510020CC6040}.Debug|Any CPU.Build.0 = Debug|Any CPU
		{AA5EF313-3644-4EB4-9F02-510020CC6040}.Release|Any CPU.ActiveCfg = Release|Any CPU
		{AA5EF313-3644-4EB4-9F02-510020CC6040}.Release|Any CPU.Build.0 = Release|Any CPU
		{3FA171AA-728F-4671-843E-3FAA0E109003}.Debug|Any CPU.ActiveCfg = Debug|Any CPU
		{3FA171AA-728F-4671-843E-3FAA0E109003}.Debug|Any CPU.Build.0 = Debug|Any CPU
		{3FA171AA-728F-4671-843E-3FAA0E109003}.Release|Any CPU.ActiveCfg = Release|Any CPU
		{3FA171AA-728F-4671-843E-3FAA0E109003}.Release|Any CPU.Build.0 = Release|Any CPU
		{CC104E62-B3EF-424A-8F1F-C74B571597AE}.Debug|Any CPU.ActiveCfg = Debug|Any CPU
		{CC104E62-B3EF-424A-8F1F-C74B571597AE}.Debug|Any CPU.Build.0 = Debug|Any CPU
		{CC104E62-B3EF-424A-8F1F-C74B571597AE}.Release|Any CPU.ActiveCfg = Release|Any CPU
		{CC104E62-B3EF-424A-8F1F-C74B571597AE}.Release|Any CPU.Build.0 = Release|Any CPU
		{333C073C-EED5-458D-97E1-BD39A1A91D44}.Debug|Any CPU.ActiveCfg = Debug|Any CPU
		{333C073C-EED5-458D-97E1-BD39A1A91D44}.Debug|Any CPU.Build.0 = Debug|Any CPU
		{333C073C-EED5-458D-97E1-BD39A1A91D44}.Release|Any CPU.ActiveCfg = Release|Any CPU
		{333C073C-EED5-458D-97E1-BD39A1A91D44}.Release|Any CPU.Build.0 = Release|Any CPU
		{AE503CED-A04A-41BA-A800-0C98C086F1B1}.Debug|Any CPU.ActiveCfg = Debug|Any CPU
		{AE503CED-A04A-41BA-A800-0C98C086F1B1}.Debug|Any CPU.Build.0 = Debug|Any CPU
		{AE503CED-A04A-41BA-A800-0C98C086F1B1}.Release|Any CPU.ActiveCfg = Release|Any CPU
		{AE503CED-A04A-41BA-A800-0C98C086F1B1}.Release|Any CPU.Build.0 = Release|Any CPU
		{BE780043-324D-4116-9B33-078282EB0AC1}.Debug|Any CPU.ActiveCfg = Debug|Any CPU
		{BE780043-324D-4116-9B33-078282EB0AC1}.Debug|Any CPU.Build.0 = Debug|Any CPU
		{BE780043-324D-4116-9B33-078282EB0AC1}.Debug|Any CPU.Deploy.0 = Debug|Any CPU
		{BE780043-324D-4116-9B33-078282EB0AC1}.Release|Any CPU.ActiveCfg = Release|Any CPU
		{BE780043-324D-4116-9B33-078282EB0AC1}.Release|Any CPU.Build.0 = Release|Any CPU
		{BE780043-324D-4116-9B33-078282EB0AC1}.Release|Any CPU.Deploy.0 = Release|Any CPU
		{7A8B1F55-2C80-47CF-BB4A-3444088FCD60}.Debug|Any CPU.ActiveCfg = Debug|Any CPU
		{7A8B1F55-2C80-47CF-BB4A-3444088FCD60}.Debug|Any CPU.Build.0 = Debug|Any CPU
		{7A8B1F55-2C80-47CF-BB4A-3444088FCD60}.Release|Any CPU.ActiveCfg = Release|Any CPU
		{7A8B1F55-2C80-47CF-BB4A-3444088FCD60}.Release|Any CPU.Build.0 = Release|Any CPU
		{4AFE8D49-6A67-44B7-8346-BAE9B2665F16}.Debug|Any CPU.ActiveCfg = Debug|Any CPU
		{4AFE8D49-6A67-44B7-8346-BAE9B2665F16}.Debug|Any CPU.Build.0 = Debug|Any CPU
		{4AFE8D49-6A67-44B7-8346-BAE9B2665F16}.Release|Any CPU.ActiveCfg = Release|Any CPU
		{4AFE8D49-6A67-44B7-8346-BAE9B2665F16}.Release|Any CPU.Build.0 = Release|Any CPU
		{6437B9A8-0D9B-4F99-9195-5CD3B0B4E6C2}.Debug|Any CPU.ActiveCfg = Debug|Any CPU
		{6437B9A8-0D9B-4F99-9195-5CD3B0B4E6C2}.Debug|Any CPU.Build.0 = Debug|Any CPU
		{6437B9A8-0D9B-4F99-9195-5CD3B0B4E6C2}.Release|Any CPU.ActiveCfg = Release|Any CPU
		{6437B9A8-0D9B-4F99-9195-5CD3B0B4E6C2}.Release|Any CPU.Build.0 = Release|Any CPU
		{995B3A6C-1F02-4E9B-8D9B-4648162C980F}.Debug|Any CPU.ActiveCfg = Debug|Any CPU
		{995B3A6C-1F02-4E9B-8D9B-4648162C980F}.Debug|Any CPU.Build.0 = Debug|Any CPU
		{995B3A6C-1F02-4E9B-8D9B-4648162C980F}.Release|Any CPU.ActiveCfg = Release|Any CPU
		{995B3A6C-1F02-4E9B-8D9B-4648162C980F}.Release|Any CPU.Build.0 = Release|Any CPU
	EndGlobalSection
	GlobalSection(SolutionProperties) = preSolution
		HideSolutionNode = FALSE
	EndGlobalSection
	GlobalSection(NestedProjects) = preSolution
		{323B40B9-F832-44E3-8428-80F3B704EFA5} = {CA0E57FC-B618-40C0-8DC0-CE8A4527321D}
		{D141A4D6-5AE7-454B-858A-1E0BC06741C9} = {CA0E57FC-B618-40C0-8DC0-CE8A4527321D}
		{AA5EF313-3644-4EB4-9F02-510020CC6040} = {A352F56F-24A7-4269-87D5-1B437E58DB15}
		{3FA171AA-728F-4671-843E-3FAA0E109003} = {BAA6EAD9-FCBF-411F-A583-5C3F399A37E8}
		{CC104E62-B3EF-424A-8F1F-C74B571597AE} = {BAA6EAD9-FCBF-411F-A583-5C3F399A37E8}
		{333C073C-EED5-458D-97E1-BD39A1A91D44} = {1C8E903B-D794-41FE-8DE9-3CE7A781A6DB}
		{AE503CED-A04A-41BA-A800-0C98C086F1B1} = {1C8E903B-D794-41FE-8DE9-3CE7A781A6DB}
		{BE780043-324D-4116-9B33-078282EB0AC1} = {2F028C1A-8FA9-419D-8EB9-C7B118DA97B3}
		{7A8B1F55-2C80-47CF-BB4A-3444088FCD60} = {BAA6EAD9-FCBF-411F-A583-5C3F399A37E8}
		{4AFE8D49-6A67-44B7-8346-BAE9B2665F16} = {BAA6EAD9-FCBF-411F-A583-5C3F399A37E8}
		{6437B9A8-0D9B-4F99-9195-5CD3B0B4E6C2} = {1C8E903B-D794-41FE-8DE9-3CE7A781A6DB}
		{995B3A6C-1F02-4E9B-8D9B-4648162C980F} = {1C8E903B-D794-41FE-8DE9-3CE7A781A6DB}
	EndGlobalSection
	GlobalSection(ExtensibilityGlobals) = postSolution
		SolutionGuid = {C3D3BACB-319E-471E-8FC3-E8808E2366CA}
	EndGlobalSection
EndGlobal
